
Microsoft Visual Studio Solution File, Format Version 12.00
# Visual Studio Version 16
VisualStudioVersion = 16.0.29509.3
MinimumVisualStudioVersion = 10.0.40219.1
Project("{FAE04EC0-301F-11D3-BF4B-00C04F79EFBC}") = "PriceCalculater", "PriceCalculater\PriceCalculater.csproj", "{07C67DD4-5596-430D-B27D-D52FAE568FFF}"
EndProject
Project("{FAE04EC0-301F-11D3-BF4B-00C04F79EFBC}") = "ConsoleApp1", "ConsoleApp1\ConsoleApp1.csproj", "{33427FF1-2156-4DC5-B64F-E9A1CB6CF576}"
EndProject
Project("{FAE04EC0-301F-11D3-BF4B-00C04F79EFBC}") = "ConsoleApp2", "ConsoleApp2\ConsoleApp2.csproj", "{4BFE172C-1A7F-4CBB-A045-5A11CA93B846}"
EndProject
Project("{2150E333-8FDC-42A3-9474-1A3956D46DE8}") = "Solution Items", "Solution Items", "{8D3D1635-B197-4B08-BCF4-D2E518A7FE0C}"
	ProjectSection(SolutionItems) = preProject
		README.md = README.md
	EndProjectSection
EndProject
Project("{9A19103F-16F7-4668-BE54-9A1E7A4F7556}") = "Calculator.V4", "Netcore3\Calculator.V4\Calculator.V4.csproj", "{8453EAD3-C603-4F6B-AE4C-204EEB61E5D3}"
EndProject
Project("{9A19103F-16F7-4668-BE54-9A1E7A4F7556}") = "Calculator.V4.NUnitTest", "Netcore3\Calculator.V4.NUnitTest\Calculator.V4.NUnitTest.csproj", "{FB6562B4-0128-4C96-8660-3E7C05CF8942}"
EndProject
Project("{9A19103F-16F7-4668-BE54-9A1E7A4F7556}") = "Project.Models", "Project.Models\Project.Models.csproj", "{3CA4F552-219F-4093-AB2B-6219B1D60730}"
EndProject
Project("{2150E333-8FDC-42A3-9474-1A3956D46DE8}") = "Boilerplate", "Boilerplate", "{532908FE-90F3-4F47-ABEE-BC69A16FBFFD}"
EndProject
Project("{FAE04EC0-301F-11D3-BF4B-00C04F79EFBC}") = "Project.DataAccess", "Project.DataAccess\Project.DataAccess.csproj", "{32846F7F-CB3B-4D5C-B5D2-56BC67E66106}"
EndProject
Global
	GlobalSection(SolutionConfigurationPlatforms) = preSolution
		Debug|Any CPU = Debug|Any CPU
		Release|Any CPU = Release|Any CPU
	EndGlobalSection
	GlobalSection(ProjectConfigurationPlatforms) = postSolution
		{07C67DD4-5596-430D-B27D-D52FAE568FFF}.Debug|Any CPU.ActiveCfg = Debug|Any CPU
		{07C67DD4-5596-430D-B27D-D52FAE568FFF}.Debug|Any CPU.Build.0 = Debug|Any CPU
		{07C67DD4-5596-430D-B27D-D52FAE568FFF}.Release|Any CPU.ActiveCfg = Release|Any CPU
		{07C67DD4-5596-430D-B27D-D52FAE568FFF}.Release|Any CPU.Build.0 = Release|Any CPU
		{33427FF1-2156-4DC5-B64F-E9A1CB6CF576}.Debug|Any CPU.ActiveCfg = Debug|Any CPU
		{33427FF1-2156-4DC5-B64F-E9A1CB6CF576}.Debug|Any CPU.Build.0 = Debug|Any CPU
		{33427FF1-2156-4DC5-B64F-E9A1CB6CF576}.Release|Any CPU.ActiveCfg = Release|Any CPU
		{33427FF1-2156-4DC5-B64F-E9A1CB6CF576}.Release|Any CPU.Build.0 = Release|Any CPU
		{4BFE172C-1A7F-4CBB-A045-5A11CA93B846}.Debug|Any CPU.ActiveCfg = Debug|Any CPU
		{4BFE172C-1A7F-4CBB-A045-5A11CA93B846}.Debug|Any CPU.Build.0 = Debug|Any CPU
		{4BFE172C-1A7F-4CBB-A045-5A11CA93B846}.Release|Any CPU.ActiveCfg = Release|Any CPU
		{4BFE172C-1A7F-4CBB-A045-5A11CA93B846}.Release|Any CPU.Build.0 = Release|Any CPU
		{8453EAD3-C603-4F6B-AE4C-204EEB61E5D3}.Debug|Any CPU.ActiveCfg = Debug|Any CPU
		{8453EAD3-C603-4F6B-AE4C-204EEB61E5D3}.Debug|Any CPU.Build.0 = Debug|Any CPU
		{8453EAD3-C603-4F6B-AE4C-204EEB61E5D3}.Release|Any CPU.ActiveCfg = Release|Any CPU
		{8453EAD3-C603-4F6B-AE4C-204EEB61E5D3}.Release|Any CPU.Build.0 = Release|Any CPU
		{FB6562B4-0128-4C96-8660-3E7C05CF8942}.Debug|Any CPU.ActiveCfg = Debug|Any CPU
		{FB6562B4-0128-4C96-8660-3E7C05CF8942}.Debug|Any CPU.Build.0 = Debug|Any CPU
		{FB6562B4-0128-4C96-8660-3E7C05CF8942}.Release|Any CPU.ActiveCfg = Release|Any CPU
		{FB6562B4-0128-4C96-8660-3E7C05CF8942}.Release|Any CPU.Build.0 = Release|Any CPU
		{3CA4F552-219F-4093-AB2B-6219B1D60730}.Debug|Any CPU.ActiveCfg = Debug|Any CPU
		{3CA4F552-219F-4093-AB2B-6219B1D60730}.Debug|Any CPU.Build.0 = Debug|Any CPU
		{3CA4F552-219F-4093-AB2B-6219B1D60730}.Release|Any CPU.ActiveCfg = Release|Any CPU
		{3CA4F552-219F-4093-AB2B-6219B1D60730}.Release|Any CPU.Build.0 = Release|Any CPU
		{32846F7F-CB3B-4D5C-B5D2-56BC67E66106}.Debug|Any CPU.ActiveCfg = Debug|Any CPU
		{32846F7F-CB3B-4D5C-B5D2-56BC67E66106}.Debug|Any CPU.Build.0 = Debug|Any CPU
		{32846F7F-CB3B-4D5C-B5D2-56BC67E66106}.Release|Any CPU.ActiveCfg = Release|Any CPU
		{32846F7F-CB3B-4D5C-B5D2-56BC67E66106}.Release|Any CPU.Build.0 = Release|Any CPU
	EndGlobalSection
	GlobalSection(SolutionProperties) = preSolution
		HideSolutionNode = FALSE
	EndGlobalSection
	GlobalSection(NestedProjects) = preSolution
		{3CA4F552-219F-4093-AB2B-6219B1D60730} = {532908FE-90F3-4F47-ABEE-BC69A16FBFFD}
		{32846F7F-CB3B-4D5C-B5D2-56BC67E66106} = {532908FE-90F3-4F47-ABEE-BC69A16FBFFD}
	EndGlobalSection
	GlobalSection(ExtensibilityGlobals) = postSolution
		SolutionGuid = {AB11D981-48C0-472E-88E3-841C169EB2A1}
	EndGlobalSection
EndGlobal
